
Microsoft Visual Studio Solution File, Format Version 12.00
# Visual Studio Version 17
VisualStudioVersion = 17.7.34018.315
MinimumVisualStudioVersion = 10.0.40219.1
Project("{FAE04EC0-301F-11D3-BF4B-00C04F79EFBC}") = "BankingApplication", "BankingApplicatoin\BankingApplication.csproj", "{984E0D7F-CE00-4640-BB4B-AB8E250C4FF3}"
EndProject
Global
	GlobalSection(SolutionConfigurationPlatforms) = preSolution
		Debug|Any CPU = Debug|Any CPU
		Release|Any CPU = Release|Any CPU
	EndGlobalSection
	GlobalSection(ProjectConfigurationPlatforms) = postSolution
		{984E0D7F-CE00-4640-BB4B-AB8E250C4FF3}.Debug|Any CPU.ActiveCfg = Debug|Any CPU
		{984E0D7F-CE00-4640-BB4B-AB8E250C4FF3}.Debug|Any CPU.Build.0 = Debug|Any CPU
		{984E0D7F-CE00-4640-BB4B-AB8E250C4FF3}.Release|Any CPU.ActiveCfg = Release|Any CPU
		{984E0D7F-CE00-4640-BB4B-AB8E250C4FF3}.Release|Any CPU.Build.0 = Release|Any CPU
	EndGlobalSection
	GlobalSection(SolutionProperties) = preSolution
		HideSolutionNode = FALSE
	EndGlobalSection
	GlobalSection(ExtensibilityGlobals) = postSolution
		SolutionGuid = {36A39A4F-4A6A-44BD-9121-D17126D2960D}
	EndGlobalSection
EndGlobal
